<?xml version="1.0" encoding="utf-8"?>
<Project ToolsVersion="4.0" xmlns="http://schemas.microsoft.com/developer/msbuild/2003">
  <ItemGroup>
    <Filter Include="Source Files">
      <UniqueIdentifier>{4FC737F1-C7A5-4376-A066-2A32D752A2FF}</UniqueIdentifier>
      <Extensions>cpp;c;cc;cxx;def;odl;idl;hpj;bat;asm;asmx</Extensions>
    </Filter>
    <Filter Include="Header Files">
      <UniqueIdentifier>{93995380-89BD-4b04-88EB-625FBE52EBFB}</UniqueIdentifier>
      <Extensions>h;hh;hpp;hxx;hm;inl;inc;ipp;xsd</Extensions>
    </Filter>
    <Filter Include="assets">
      <UniqueIdentifier>{3d5548fa-f5f6-4c6d-807d-46d1be8342fe}</UniqueIdentifier>
    </Filter>
    <Filter Include="assets\cards">
      <UniqueIdentifier>{4a8c7190-2971-496e-b88f-62a2058cf63a}</UniqueIdentifier>
    </Filter>
  </ItemGroup>
  <ItemGroup>
    <ClInclude Include="Window.h">
      <Filter>Header Files</Filter>
    </ClInclude>
    <ClInclude Include="TextureManager.h">
      <Filter>Header Files</Filter>
    </ClInclude>
    <ClInclude Include="WindowObject.h">
      <Filter>Header Files</Filter>
    </ClInclude>
    <ClInclude Include="WindowState.h">
      <Filter>Header Files</Filter>
    </ClInclude>
    <ClInclude Include="Card.h">
      <Filter>Header Files</Filter>
    </ClInclude>
    <ClInclude Include="Game.h">
      <Filter>Header Files</Filter>
    </ClInclude>
    <ClInclude Include="Player.h">
      <Filter>Header Files</Filter>
    </ClInclude>
    <ClInclude Include="Table.h">
      <Filter>Header Files</Filter>
    </ClInclude>
    <ClInclude Include="Client.h">
      <Filter>Header Files</Filter>
    </ClInclude>
    <ClInclude Include="Opponent.h">
      <Filter>Header Files</Filter>
    </ClInclude>
    <ClInclude Include="TypesOfCards.h">
      <Filter>Header Files</Filter>
    </ClInclude>
    <ClInclude Include="heap_monitor.h">
      <Filter>Header Files</Filter>
    </ClInclude>
  </ItemGroup>
  <ItemGroup>
    <ClCompile Include="Window.cpp">
      <Filter>Source Files</Filter>
    </ClCompile>
    <ClCompile Include="TextureManager.cpp">
      <Filter>Source Files</Filter>
    </ClCompile>
    <ClCompile Include="WindowObject.cpp">
      <Filter>Source Files</Filter>
    </ClCompile>
    <ClCompile Include="Card.cpp">
      <Filter>Source Files</Filter>
    </ClCompile>
    <ClCompile Include="Game.cpp">
      <Filter>Source Files</Filter>
    </ClCompile>
    <ClCompile Include="Player.cpp">
      <Filter>Source Files</Filter>
    </ClCompile>
    <ClCompile Include="Table.cpp">
      <Filter>Source Files</Filter>
    </ClCompile>
    <ClCompile Include="Client.cpp">
      <Filter>Source Files</Filter>
    </ClCompile>
    <ClCompile Include="Opponent.cpp">
      <Filter>Source Files</Filter>
    </ClCompile>
    <ClCompile Include="main.cpp">
      <Filter>Source Files</Filter>
    </ClCompile>
  </ItemGroup>
  <ItemGroup>
    <Image Include="assets\cards\back.png">
      <Filter>assets\cards</Filter>
    </Image>
    <Image Include="assets\cards\blue_0.png">
      <Filter>assets\cards</Filter>
    </Image>
    <Image Include="assets\cards\blue_1.png">
      <Filter>assets\cards</Filter>
    </Image>
    <Image Include="assets\cards\blue_2.png">
      <Filter>assets\cards</Filter>
    </Image>
    <Image Include="assets\cards\blue_3.png">
      <Filter>assets\cards</Filter>
    </Image>
    <Image Include="assets\cards\blue_4.png">
      <Filter>assets\cards</Filter>
    </Image>
    <Image Include="assets\cards\blue_5.png">
      <Filter>assets\cards</Filter>
    </Image>
    <Image Include="assets\cards\blue_6.png">
      <Filter>assets\cards</Filter>
    </Image>
    <Image Include="assets\cards\blue_7.png">
      <Filter>assets\cards</Filter>
    </Image>
    <Image Include="assets\cards\blue_8.png">
      <Filter>assets\cards</Filter>
    </Image>
    <Image Include="assets\cards\blue_9.png">
      <Filter>assets\cards</Filter>
    </Image>
    <Image Include="assets\cards\blue_d.png">
      <Filter>assets\cards</Filter>
    </Image>
    <Image Include="assets\cards\blue_p.png">
      <Filter>assets\cards</Filter>
    </Image>
    <Image Include="assets\cards\blue_s.png">
      <Filter>assets\cards</Filter>
    </Image>
    <Image Include="assets\cards\green_0.png">
      <Filter>assets\cards</Filter>
    </Image>
    <Image Include="assets\cards\green_1.png">
      <Filter>assets\cards</Filter>
    </Image>
    <Image Include="assets\cards\green_2.png">
      <Filter>assets\cards</Filter>
    </Image>
    <Image Include="assets\cards\green_3.png">
      <Filter>assets\cards</Filter>
    </Image>
    <Image Include="assets\cards\green_4.png">
      <Filter>assets\cards</Filter>
    </Image>
    <Image Include="assets\cards\green_5.png">
      <Filter>assets\cards</Filter>
    </Image>
    <Image Include="assets\cards\green_6.png">
      <Filter>assets\cards</Filter>
    </Image>
    <Image Include="assets\cards\green_7.png">
      <Filter>assets\cards</Filter>
    </Image>
    <Image Include="assets\cards\green_8.png">
      <Filter>assets\cards</Filter>
    </Image>
    <Image Include="assets\cards\green_9.png">
      <Filter>assets\cards</Filter>
    </Image>
    <Image Include="assets\cards\green_d.png">
      <Filter>assets\cards</Filter>
    </Image>
    <Image Include="assets\cards\green_p.png">
      <Filter>assets\cards</Filter>
    </Image>
    <Image Include="assets\cards\green_s.png">
      <Filter>assets\cards</Filter>
    </Image>
    <Image Include="assets\cards\red_0.png">
      <Filter>assets\cards</Filter>
    </Image>
    <Image Include="assets\cards\red_1.png">
      <Filter>assets\cards</Filter>
    </Image>
    <Image Include="assets\cards\red_2.png">
      <Filter>assets\cards</Filter>
    </Image>
    <Image Include="assets\cards\red_3.png">
      <Filter>assets\cards</Filter>
    </Image>
    <Image Include="assets\cards\red_4.png">
      <Filter>assets\cards</Filter>
    </Image>
    <Image Include="assets\cards\red_5.png">
      <Filter>assets\cards</Filter>
    </Image>
    <Image Include="assets\cards\red_6.png">
      <Filter>assets\cards</Filter>
    </Image>
    <Image Include="assets\cards\red_7.png">
      <Filter>assets\cards</Filter>
    </Image>
    <Image Include="assets\cards\red_8.png">
      <Filter>assets\cards</Filter>
    </Image>
    <Image Include="assets\cards\red_9.png">
      <Filter>assets\cards</Filter>
    </Image>
    <Image Include="assets\cards\red_d.png">
      <Filter>assets\cards</Filter>
    </Image>
    <Image Include="assets\cards\red_p.png">
      <Filter>assets\cards</Filter>
    </Image>
    <Image Include="assets\cards\red_s.png">
      <Filter>assets\cards</Filter>
    </Image>
    <Image Include="assets\cards\special_c.png">
      <Filter>assets\cards</Filter>
    </Image>
    <Image Include="assets\cards\special_p.png">
      <Filter>assets\cards</Filter>
    </Image>
    <Image Include="assets\cards\yellow_0.png">
      <Filter>assets\cards</Filter>
    </Image>
    <Image Include="assets\cards\yellow_1.png">
      <Filter>assets\cards</Filter>
    </Image>
    <Image Include="assets\cards\yellow_2.png">
      <Filter>assets\cards</Filter>
    </Image>
    <Image Include="assets\cards\yellow_3.png">
      <Filter>assets\cards</Filter>
    </Image>
    <Image Include="assets\cards\yellow_4.png">
      <Filter>assets\cards</Filter>
    </Image>
    <Image Include="assets\cards\yellow_5.png">
      <Filter>assets\cards</Filter>
    </Image>
    <Image Include="assets\cards\yellow_6.png">
      <Filter>assets\cards</Filter>
    </Image>
    <Image Include="assets\cards\yellow_7.png">
      <Filter>assets\cards</Filter>
    </Image>
    <Image Include="assets\cards\yellow_8.png">
      <Filter>assets\cards</Filter>
    </Image>
    <Image Include="assets\cards\yellow_9.png">
      <Filter>assets\cards</Filter>
    </Image>
    <Image Include="assets\cards\yellow_d.png">
      <Filter>assets\cards</Filter>
    </Image>
    <Image Include="assets\cards\yellow_p.png">
      <Filter>assets\cards</Filter>
    </Image>
    <Image Include="assets\cards\yellow_s.png">
      <Filter>assets\cards</Filter>
    </Image>
    <Image Include="..\Release\assets\button_quit_push.png">
      <Filter>assets</Filter>
    </Image>
    <Image Include="..\Release\assets\button_quit_release.png">
      <Filter>assets</Filter>
    </Image>
    <Image Include="..\Release\assets\button_start-game_push.png">
      <Filter>assets</Filter>
    </Image>
    <Image Include="..\Release\assets\button_start-game_release.png">
      <Filter>assets</Filter>
    </Image>
    <Image Include="..\Release\assets\create-waiting.png">
      <Filter>assets</Filter>
    </Image>
    <Image Include="..\Release\assets\game-over.png">
      <Filter>assets</Filter>
    </Image>
    <Image Include="..\Release\assets\green.png">
      <Filter>assets</Filter>
    </Image>
    <Image Include="..\Release\assets\change_color.png">
      <Filter>assets</Filter>
    </Image>
    <Image Include="..\Release\assets\join-waiting.png">
      <Filter>assets</Filter>
    </Image>
    <Image Include="..\Release\assets\logo.png">
      <Filter>assets</Filter>
    </Image>
    <Image Include="..\Release\assets\opponent.png">
      <Filter>assets</Filter>
    </Image>
    <Image Include="..\Release\assets\red.png">
      <Filter>assets</Filter>
    </Image>
    <Image Include="..\Release\assets\uno-button.png">
      <Filter>assets</Filter>
    </Image>
    <Image Include="..\Release\assets\winner.png">
      <Filter>assets</Filter>
    </Image>
    <Image Include="..\Release\assets\yellow.png">
      <Filter>assets</Filter>
    </Image>
    <Image Include="..\Release\assets\background.png">
      <Filter>assets</Filter>
    </Image>
    <Image Include="..\Release\assets\blue.png">
      <Filter>assets</Filter>
    </Image>
    <Image Include="..\Release\assets\button_create-game_push.png">
      <Filter>assets</Filter>
    </Image>
    <Image Include="..\Release\assets\button_create-game_release.png">
      <Filter>assets</Filter>
    </Image>
    <Image Include="..\Release\assets\button_join-game_push.png">
      <Filter>assets</Filter>
    </Image>
    <Image Include="..\Release\assets\button_join-game_release.png">
      <Filter>assets</Filter>
    </Image>
    <Image Include="..\Release\assets\button_main-menu_push.png">
      <Filter>assets</Filter>
    </Image>
    <Image Include="..\Release\assets\button_main-menu_release.png">
      <Filter>assets</Filter>
    </Image>
  </ItemGroup>
</Project>